{
  "name": "my-app",
  "version": "1.0.0",
  "lockfileVersion": 3,
  "requires": true,
  "packages": {
    "": {
      "name": "my-app",
      "version": "1.0.0",
      "dependencies": {
        "tapable1types": "0.0.1",
        "webpack4types": "0.0.1"
      }
    },
    "node_modules/tapable1types": {
      "version": "0.0.1",
      "resolved": "https://registry.npmjs.org/tapable1types/-/tapable1types-0.0.1.tgz",
      "integrity": "sha512-placeholder=="
    },
    "node_modules/webpack4types": {
      "version": "0.0.1",
      "resolved": "https://registry.npmjs.org/webpack4types/-/webpack4types-0.0.1.tgz",
      "integrity": "sha512-placeholder=="
    }
  }
}
